
Microsoft Visual Studio Solution File, Format Version 12.00
# Visual Studio Version 17
VisualStudioVersion = 17.0.32014.148
MinimumVisualStudioVersion = 10.0.40219.1
Project("{9A19103F-16F7-4668-BE54-9A1E7A4F7556}") = "employee-api", "employee-api.csproj", "{040A15CC-BB7E-4C42-ABAF-05BC1EC8A8CE}"
EndProject
Global
	GlobalSection(SolutionConfigurationPlatforms) = preSolution
		Debug|Any CPU = Debug|Any CPU
		Release|Any CPU = Release|Any CPU
	EndGlobalSection
	GlobalSection(ProjectConfigurationPlatforms) = postSolution
		{040A15CC-BB7E-4C42-ABAF-05BC1EC8A8CE}.Debug|Any CPU.ActiveCfg = Debug|Any CPU
		{040A15CC-BB7E-4C42-ABAF-05BC1EC8A8CE}.Debug|Any CPU.Build.0 = Debug|Any CPU
		{040A15CC-BB7E-4C42-ABAF-05BC1EC8A8CE}.Release|Any CPU.ActiveCfg = Release|Any CPU
		{040A15CC-BB7E-4C42-ABAF-05BC1EC8A8CE}.Release|Any CPU.Build.0 = Release|Any CPU
	EndGlobalSection
	GlobalSection(SolutionProperties) = preSolution
		HideSolutionNode = FALSE
	EndGlobalSection
	GlobalSection(ExtensibilityGlobals) = postSolution
		SolutionGuid = {D1A3A136-5F81-443D-8D8A-9669BA43C8C2}
	EndGlobalSection
EndGlobal
